
Microsoft Visual Studio Solution File, Format Version 12.00
# Visual Studio Version 17
VisualStudioVersion = 17.3.32819.101
MinimumVisualStudioVersion = 10.0.40219.1
Project("{FAE04EC0-301F-11D3-BF4B-00C04F79EFBC}") = "jiraexport", "jiraexport\jiraexport.csproj", "{12D89D24-E18A-420D-B946-2BF0A76C64A6}"
EndProject
Global
	GlobalSection(SolutionConfigurationPlatforms) = preSolution
		Debug|Any CPU = Debug|Any CPU
		Release|Any CPU = Release|Any CPU
	EndGlobalSection
	GlobalSection(ProjectConfigurationPlatforms) = postSolution
		{12D89D24-E18A-420D-B946-2BF0A76C64A6}.Debug|Any CPU.ActiveCfg = Debug|Any CPU
		{12D89D24-E18A-420D-B946-2BF0A76C64A6}.Debug|Any CPU.Build.0 = Debug|Any CPU
		{12D89D24-E18A-420D-B946-2BF0A76C64A6}.Release|Any CPU.ActiveCfg = Release|Any CPU
		{12D89D24-E18A-420D-B946-2BF0A76C64A6}.Release|Any CPU.Build.0 = Release|Any CPU
	EndGlobalSection
	GlobalSection(SolutionProperties) = preSolution
		HideSolutionNode = FALSE
	EndGlobalSection
	GlobalSection(ExtensibilityGlobals) = postSolution
		SolutionGuid = {01831AF2-0006-43D1-8021-CFBE2A76FAE9}
	EndGlobalSection
EndGlobal
